
Microsoft Visual Studio Solution File, Format Version 12.00
# Visual Studio 14
VisualStudioVersion = 14.0.24720.0
MinimumVisualStudioVersion = 10.0.40219.1
Project("{FAE04EC0-301F-11D3-BF4B-00C04F79EFBC}") = "TwitchBot", "TwitchBot\TwitchBot.csproj", "{8A157447-622C-4C6A-B8BD-5BA6856170E1}"
EndProject
Project("{FAE04EC0-301F-11D3-BF4B-00C04F79EFBC}") = "TwitchBot.Tests", "TwitchBot.Tests\TwitchBot.Tests.csproj", "{1336C81C-D22F-437C-BFA0-7EE77FB3E8D1}"
EndProject
Project("{FAE04EC0-301F-11D3-BF4B-00C04F79EFBC}") = "ChatSharp", "..\..\ChatSharp\ChatSharp\ChatSharp.csproj", "{4033AFFA-BEA3-4BDF-84EA-59A23360FD36}"
EndProject
Project("{FAE04EC0-301F-11D3-BF4B-00C04F79EFBC}") = "TwitchConsoleBot", "TwitchConsoleBot\TwitchConsoleBot.csproj", "{12D0D43E-CC62-44B2-9443-8A0E09560A82}"
EndProject
Global
	GlobalSection(SolutionConfigurationPlatforms) = preSolution
		Debug|Any CPU = Debug|Any CPU
		Release|Any CPU = Release|Any CPU
	EndGlobalSection
	GlobalSection(ProjectConfigurationPlatforms) = postSolution
		{8A157447-622C-4C6A-B8BD-5BA6856170E1}.Debug|Any CPU.ActiveCfg = Debug|Any CPU
		{8A157447-622C-4C6A-B8BD-5BA6856170E1}.Debug|Any CPU.Build.0 = Debug|Any CPU
		{8A157447-622C-4C6A-B8BD-5BA6856170E1}.Release|Any CPU.ActiveCfg = Release|Any CPU
		{8A157447-622C-4C6A-B8BD-5BA6856170E1}.Release|Any CPU.Build.0 = Release|Any CPU
		{1336C81C-D22F-437C-BFA0-7EE77FB3E8D1}.Debug|Any CPU.ActiveCfg = Debug|Any CPU
		{1336C81C-D22F-437C-BFA0-7EE77FB3E8D1}.Debug|Any CPU.Build.0 = Debug|Any CPU
		{1336C81C-D22F-437C-BFA0-7EE77FB3E8D1}.Release|Any CPU.ActiveCfg = Release|Any CPU
		{1336C81C-D22F-437C-BFA0-7EE77FB3E8D1}.Release|Any CPU.Build.0 = Release|Any CPU
		{4033AFFA-BEA3-4BDF-84EA-59A23360FD36}.Debug|Any CPU.ActiveCfg = Debug|Any CPU
		{4033AFFA-BEA3-4BDF-84EA-59A23360FD36}.Debug|Any CPU.Build.0 = Debug|Any CPU
		{4033AFFA-BEA3-4BDF-84EA-59A23360FD36}.Release|Any CPU.ActiveCfg = Release|Any CPU
		{4033AFFA-BEA3-4BDF-84EA-59A23360FD36}.Release|Any CPU.Build.0 = Release|Any CPU
		{12D0D43E-CC62-44B2-9443-8A0E09560A82}.Debug|Any CPU.ActiveCfg = Debug|Any CPU
		{12D0D43E-CC62-44B2-9443-8A0E09560A82}.Debug|Any CPU.Build.0 = Debug|Any CPU
		{12D0D43E-CC62-44B2-9443-8A0E09560A82}.Release|Any CPU.ActiveCfg = Release|Any CPU
		{12D0D43E-CC62-44B2-9443-8A0E09560A82}.Release|Any CPU.Build.0 = Release|Any CPU
	EndGlobalSection
	GlobalSection(SolutionProperties) = preSolution
		HideSolutionNode = FALSE
	EndGlobalSection
EndGlobal
